
Microsoft Visual Studio Solution File, Format Version 12.00
# Visual Studio 14
VisualStudioVersion = 14.0.25420.1
MinimumVisualStudioVersion = 10.0.40219.1
Project("{FAE04EC0-301F-11D3-BF4B-00C04F79EFBC}") = "Cats", "Cats\Cats\Cats.csproj", "{0E9FEFDC-5277-4AF4-B2D6-64711784C22D}"
EndProject
Project("{FAE04EC0-301F-11D3-BF4B-00C04F79EFBC}") = "Cats.Droid", "Cats\Cats.Droid\Cats.Droid.csproj", "{98CCB13A-C5C2-4DB5-A0DE-366D24DEB45F}"
EndProject
Project("{FAE04EC0-301F-11D3-BF4B-00C04F79EFBC}") = "Cats.iOS", "Cats\Cats.iOS\Cats.iOS.csproj", "{7691A695-E57D-40B7-965B-F5847D119B73}"
EndProject
Project("{FAE04EC0-301F-11D3-BF4B-00C04F79EFBC}") = "Cats.WinPhone", "Cats\Cats.WinPhone\Cats.WinPhone.csproj", "{D6BB63F3-D8E9-4E58-8540-8DE8BB328633}"
EndProject
Project("{FAE04EC0-301F-11D3-BF4B-00C04F79EFBC}") = "Cats.UWP", "Cats\Cats.UWP\Cats.UWP.csproj", "{8E4EE112-0F50-4035-8327-40ABDDDC3571}"
EndProject
Project("{FAE04EC0-301F-11D3-BF4B-00C04F79EFBC}") = "Cats.Windows", "Cats\Cats.Windows\Cats.Windows.csproj", "{399FBEA4-D322-40B3-A200-A053F4EE3CEC}"
EndProject
Global
	GlobalSection(SolutionConfigurationPlatforms) = preSolution
		Ad-Hoc|Any CPU = Ad-Hoc|Any CPU
		Ad-Hoc|ARM = Ad-Hoc|ARM
		Ad-Hoc|iPhone = Ad-Hoc|iPhone
		Ad-Hoc|iPhoneSimulator = Ad-Hoc|iPhoneSimulator
		Ad-Hoc|x64 = Ad-Hoc|x64
		Ad-Hoc|x86 = Ad-Hoc|x86
		AppStore|Any CPU = AppStore|Any CPU
		AppStore|ARM = AppStore|ARM
		AppStore|iPhone = AppStore|iPhone
		AppStore|iPhoneSimulator = AppStore|iPhoneSimulator
		AppStore|x64 = AppStore|x64
		AppStore|x86 = AppStore|x86
		Debug|Any CPU = Debug|Any CPU
		Debug|ARM = Debug|ARM
		Debug|iPhone = Debug|iPhone
		Debug|iPhoneSimulator = Debug|iPhoneSimulator
		Debug|x64 = Debug|x64
		Debug|x86 = Debug|x86
		Release|Any CPU = Release|Any CPU
		Release|ARM = Release|ARM
		Release|iPhone = Release|iPhone
		Release|iPhoneSimulator = Release|iPhoneSimulator
		Release|x64 = Release|x64
		Release|x86 = Release|x86
	EndGlobalSection
	GlobalSection(ProjectConfigurationPlatforms) = postSolution
		{0E9FEFDC-5277-4AF4-B2D6-64711784C22D}.Ad-Hoc|Any CPU.ActiveCfg = Release|Any CPU
		{0E9FEFDC-5277-4AF4-B2D6-64711784C22D}.Ad-Hoc|Any CPU.Build.0 = Release|Any CPU
		{0E9FEFDC-5277-4AF4-B2D6-64711784C22D}.Ad-Hoc|ARM.ActiveCfg = Release|Any CPU
		{0E9FEFDC-5277-4AF4-B2D6-64711784C22D}.Ad-Hoc|ARM.Build.0 = Release|Any CPU
		{0E9FEFDC-5277-4AF4-B2D6-64711784C22D}.Ad-Hoc|iPhone.ActiveCfg = Release|Any CPU
		{0E9FEFDC-5277-4AF4-B2D6-64711784C22D}.Ad-Hoc|iPhone.Build.0 = Release|Any CPU
		{0E9FEFDC-5277-4AF4-B2D6-64711784C22D}.Ad-Hoc|iPhoneSimulator.ActiveCfg = Release|Any CPU
		{0E9FEFDC-5277-4AF4-B2D6-64711784C22D}.Ad-Hoc|iPhoneSimulator.Build.0 = Release|Any CPU
		{0E9FEFDC-5277-4AF4-B2D6-64711784C22D}.Ad-Hoc|x64.ActiveCfg = Release|Any CPU
		{0E9FEFDC-5277-4AF4-B2D6-64711784C22D}.Ad-Hoc|x64.Build.0 = Release|Any CPU
		{0E9FEFDC-5277-4AF4-B2D6-64711784C22D}.Ad-Hoc|x86.ActiveCfg = Release|Any CPU
		{0E9FEFDC-5277-4AF4-B2D6-64711784C22D}.Ad-Hoc|x86.Build.0 = Release|Any CPU
		{0E9FEFDC-5277-4AF4-B2D6-64711784C22D}.AppStore|Any CPU.ActiveCfg = Release|Any CPU
		{0E9FEFDC-5277-4AF4-B2D6-64711784C22D}.AppStore|Any CPU.Build.0 = Release|Any CPU
		{0E9FEFDC-5277-4AF4-B2D6-64711784C22D}.AppStore|ARM.ActiveCfg = Release|Any CPU
		{0E9FEFDC-5277-4AF4-B2D6-64711784C22D}.AppStore|ARM.Build.0 = Release|Any CPU
		{0E9FEFDC-5277-4AF4-B2D6-64711784C22D}.AppStore|iPhone.ActiveCfg = Release|Any CPU
		{0E9FEFDC-5277-4AF4-B2D6-64711784C22D}.AppStore|iPhone.Build.0 = Release|Any CPU
		{0E9FEFDC-5277-4AF4-B2D6-64711784C22D}.AppStore|iPhoneSimulator.ActiveCfg = Release|Any CPU
		{0E9FEFDC-5277-4AF4-B2D6-64711784C22D}.AppStore|iPhoneSimulator.Build.0 = Release|Any CPU
		{0E9FEFDC-5277-4AF4-B2D6-64711784C22D}.AppStore|x64.ActiveCfg = Release|Any CPU
		{0E9FEFDC-5277-4AF4-B2D6-64711784C22D}.AppStore|x64.Build.0 = Release|Any CPU
		{0E9FEFDC-5277-4AF4-B2D6-64711784C22D}.AppStore|x86.ActiveCfg = Release|Any CPU
		{0E9FEFDC-5277-4AF4-B2D6-64711784C22D}.AppStore|x86.Build.0 = Release|Any CPU
		{0E9FEFDC-5277-4AF4-B2D6-64711784C22D}.Debug|Any CPU.ActiveCfg = Debug|Any CPU
		{0E9FEFDC-5277-4AF4-B2D6-64711784C22D}.Debug|Any CPU.Build.0 = Debug|Any CPU
		{0E9FEFDC-5277-4AF4-B2D6-64711784C22D}.Debug|ARM.ActiveCfg = Debug|Any CPU
		{0E9FEFDC-5277-4AF4-B2D6-64711784C22D}.Debug|ARM.Build.0 = Debug|Any CPU
		{0E9FEFDC-5277-4AF4-B2D6-64711784C22D}.Debug|iPhone.ActiveCfg = Debug|Any CPU
		{0E9FEFDC-5277-4AF4-B2D6-64711784C22D}.Debug|iPhone.Build.0 = Debug|Any CPU
		{0E9FEFDC-5277-4AF4-B2D6-64711784C22D}.Debug|iPhoneSimulator.ActiveCfg = Debug|Any CPU
		{0E9FEFDC-5277-4AF4-B2D6-64711784C22D}.Debug|iPhoneSimulator.Build.0 = Debug|Any CPU
		{0E9FEFDC-5277-4AF4-B2D6-64711784C22D}.Debug|x64.ActiveCfg = Debug|Any CPU
		{0E9FEFDC-5277-4AF4-B2D6-64711784C22D}.Debug|x64.Build.0 = Debug|Any CPU
		{0E9FEFDC-5277-4AF4-B2D6-64711784C22D}.Debug|x86.ActiveCfg = Debug|Any CPU
		{0E9FEFDC-5277-4AF4-B2D6-64711784C22D}.Debug|x86.Build.0 = Debug|Any CPU
		{0E9FEFDC-5277-4AF4-B2D6-64711784C22D}.Release|Any CPU.ActiveCfg = Release|Any CPU
		{0E9FEFDC-5277-4AF4-B2D6-64711784C22D}.Release|Any CPU.Build.0 = Release|Any CPU
		{0E9FEFDC-5277-4AF4-B2D6-64711784C22D}.Release|ARM.ActiveCfg = Release|Any CPU
		{0E9FEFDC-5277-4AF4-B2D6-64711784C22D}.Release|ARM.Build.0 = Release|Any CPU
		{0E9FEFDC-5277-4AF4-B2D6-64711784C22D}.Release|iPhone.ActiveCfg = Release|Any CPU
		{0E9FEFDC-5277-4AF4-B2D6-64711784C22D}.Release|iPhone.Build.0 = Release|Any CPU
		{0E9FEFDC-5277-4AF4-B2D6-64711784C22D}.Release|iPhoneSimulator.ActiveCfg = Release|Any CPU
		{0E9FEFDC-5277-4AF4-B2D6-64711784C22D}.Release|iPhoneSimulator.Build.0 = Release|Any CPU
		{0E9FEFDC-5277-4AF4-B2D6-64711784C22D}.Release|x64.ActiveCfg = Release|Any CPU
		{0E9FEFDC-5277-4AF4-B2D6-64711784C22D}.Release|x64.Build.0 = Release|Any CPU
		{0E9FEFDC-5277-4AF4-B2D6-64711784C22D}.Release|x86.ActiveCfg = Release|Any CPU
		{0E9FEFDC-5277-4AF4-B2D6-64711784C22D}.Release|x86.Build.0 = Release|Any CPU
		{98CCB13A-C5C2-4DB5-A0DE-366D24DEB45F}.Ad-Hoc|Any CPU.ActiveCfg = Release|Any CPU
		{98CCB13A-C5C2-4DB5-A0DE-366D24DEB45F}.Ad-Hoc|Any CPU.Build.0 = Release|Any CPU
		{98CCB13A-C5C2-4DB5-A0DE-366D24DEB45F}.Ad-Hoc|Any CPU.Deploy.0 = Release|Any CPU
		{98CCB13A-C5C2-4DB5-A0DE-366D24DEB45F}.Ad-Hoc|ARM.ActiveCfg = Release|Any CPU
		{98CCB13A-C5C2-4DB5-A0DE-366D24DEB45F}.Ad-Hoc|ARM.Build.0 = Release|Any CPU
		{98CCB13A-C5C2-4DB5-A0DE-366D24DEB45F}.Ad-Hoc|ARM.Deploy.0 = Release|Any CPU
		{98CCB13A-C5C2-4DB5-A0DE-366D24DEB45F}.Ad-Hoc|iPhone.ActiveCfg = Release|Any CPU
		{98CCB13A-C5C2-4DB5-A0DE-366D24DEB45F}.Ad-Hoc|iPhone.Build.0 = Release|Any CPU
		{98CCB13A-C5C2-4DB5-A0DE-366D24DEB45F}.Ad-Hoc|iPhone.Deploy.0 = Release|Any CPU
		{98CCB13A-C5C2-4DB5-A0DE-366D24DEB45F}.Ad-Hoc|iPhoneSimulator.ActiveCfg = Release|Any CPU
		{98CCB13A-C5C2-4DB5-A0DE-366D24DEB45F}.Ad-Hoc|iPhoneSimulator.Build.0 = Release|Any CPU
		{98CCB13A-C5C2-4DB5-A0DE-366D24DEB45F}.Ad-Hoc|iPhoneSimulator.Deploy.0 = Release|Any CPU
		{98CCB13A-C5C2-4DB5-A0DE-366D24DEB45F}.Ad-Hoc|x64.ActiveCfg = Release|Any CPU
		{98CCB13A-C5C2-4DB5-A0DE-366D24DEB45F}.Ad-Hoc|x64.Build.0 = Release|Any CPU
		{98CCB13A-C5C2-4DB5-A0DE-366D24DEB45F}.Ad-Hoc|x64.Deploy.0 = Release|Any CPU
		{98CCB13A-C5C2-4DB5-A0DE-366D24DEB45F}.Ad-Hoc|x86.ActiveCfg = Release|Any CPU
		{98CCB13A-C5C2-4DB5-A0DE-366D24DEB45F}.Ad-Hoc|x86.Build.0 = Release|Any CPU
		{98CCB13A-C5C2-4DB5-A0DE-366D24DEB45F}.Ad-Hoc|x86.Deploy.0 = Release|Any CPU
		{98CCB13A-C5C2-4DB5-A0DE-366D24DEB45F}.AppStore|Any CPU.ActiveCfg = Release|Any CPU
		{98CCB13A-C5C2-4DB5-A0DE-366D24DEB45F}.AppStore|Any CPU.Build.0 = Release|Any CPU
		{98CCB13A-C5C2-4DB5-A0DE-366D24DEB45F}.AppStore|Any CPU.Deploy.0 = Release|Any CPU
		{98CCB13A-C5C2-4DB5-A0DE-366D24DEB45F}.AppStore|ARM.ActiveCfg = Release|Any CPU
		{98CCB13A-C5C2-4DB5-A0DE-366D24DEB45F}.AppStore|ARM.Build.0 = Release|Any CPU
		{98CCB13A-C5C2-4DB5-A0DE-366D24DEB45F}.AppStore|ARM.Deploy.0 = Release|Any CPU
		{98CCB13A-C5C2-4DB5-A0DE-366D24DEB45F}.AppStore|iPhone.ActiveCfg = Release|Any CPU
		{98CCB13A-C5C2-4DB5-A0DE-366D24DEB45F}.AppStore|iPhone.Build.0 = Release|Any CPU
		{98CCB13A-C5C2-4DB5-A0DE-366D24DEB45F}.AppStore|iPhone.Deploy.0 = Release|Any CPU
		{98CCB13A-C5C2-4DB5-A0DE-366D24DEB45F}.AppStore|iPhoneSimulator.ActiveCfg = Release|Any CPU
		{98CCB13A-C5C2-4DB5-A0DE-366D24DEB45F}.AppStore|iPhoneSimulator.Build.0 = Release|Any CPU
		{98CCB13A-C5C2-4DB5-A0DE-366D24DEB45F}.AppStore|iPhoneSimulator.Deploy.0 = Release|Any CPU
		{98CCB13A-C5C2-4DB5-A0DE-366D24DEB45F}.AppStore|x64.ActiveCfg = Release|Any CPU
		{98CCB13A-C5C2-4DB5-A0DE-366D24DEB45F}.AppStore|x64.Build.0 = Release|Any CPU
		{98CCB13A-C5C2-4DB5-A0DE-366D24DEB45F}.AppStore|x64.Deploy.0 = Release|Any CPU
		{98CCB13A-C5C2-4DB5-A0DE-366D24DEB45F}.AppStore|x86.ActiveCfg = Release|Any CPU
		{98CCB13A-C5C2-4DB5-A0DE-366D24DEB45F}.AppStore|x86.Build.0 = Release|Any CPU
		{98CCB13A-C5C2-4DB5-A0DE-366D24DEB45F}.AppStore|x86.Deploy.0 = Release|Any CPU
		{98CCB13A-C5C2-4DB5-A0DE-366D24DEB45F}.Debug|Any CPU.ActiveCfg = Debug|Any CPU
		{98CCB13A-C5C2-4DB5-A0DE-366D24DEB45F}.Debug|Any CPU.Build.0 = Debug|Any CPU
		{98CCB13A-C5C2-4DB5-A0DE-366D24DEB45F}.Debug|Any CPU.Deploy.0 = Debug|Any CPU
		{98CCB13A-C5C2-4DB5-A0DE-366D24DEB45F}.Debug|ARM.ActiveCfg = Debug|Any CPU
		{98CCB13A-C5C2-4DB5-A0DE-366D24DEB45F}.Debug|ARM.Build.0 = Debug|Any CPU
		{98CCB13A-C5C2-4DB5-A0DE-366D24DEB45F}.Debug|ARM.Deploy.0 = Debug|Any CPU
		{98CCB13A-C5C2-4DB5-A0DE-366D24DEB45F}.Debug|iPhone.ActiveCfg = Debug|Any CPU
		{98CCB13A-C5C2-4DB5-A0DE-366D24DEB45F}.Debug|iPhone.Build.0 = Debug|Any CPU
		{98CCB13A-C5C2-4DB5-A0DE-366D24DEB45F}.Debug|iPhone.Deploy.0 = Debug|Any CPU
		{98CCB13A-C5C2-4DB5-A0DE-366D24DEB45F}.Debug|iPhoneSimulator.ActiveCfg = Debug|Any CPU
		{98CCB13A-C5C2-4DB5-A0DE-366D24DEB45F}.Debug|iPhoneSimulator.Build.0 = Debug|Any CPU
		{98CCB13A-C5C2-4DB5-A0DE-366D24DEB45F}.Debug|iPhoneSimulator.Deploy.0 = Debug|Any CPU
		{98CCB13A-C5C2-4DB5-A0DE-366D24DEB45F}.Debug|x64.ActiveCfg = Debug|Any CPU
		{98CCB13A-C5C2-4DB5-A0DE-366D24DEB45F}.Debug|x64.Build.0 = Debug|Any CPU
		{98CCB13A-C5C2-4DB5-A0DE-366D24DEB45F}.Debug|x64.Deploy.0 = Debug|Any CPU
		{98CCB13A-C5C2-4DB5-A0DE-366D24DEB45F}.Debug|x86.ActiveCfg = Debug|Any CPU
		{98CCB13A-C5C2-4DB5-A0DE-366D24DEB45F}.Debug|x86.Build.0 = Debug|Any CPU
		{98CCB13A-C5C2-4DB5-A0DE-366D24DEB45F}.Debug|x86.Deploy.0 = Debug|Any CPU
		{98CCB13A-C5C2-4DB5-A0DE-366D24DEB45F}.Release|Any CPU.ActiveCfg = Release|Any CPU
		{98CCB13A-C5C2-4DB5-A0DE-366D24DEB45F}.Release|Any CPU.Build.0 = Release|Any CPU
		{98CCB13A-C5C2-4DB5-A0DE-366D24DEB45F}.Release|Any CPU.Deploy.0 = Release|Any CPU
		{98CCB13A-C5C2-4DB5-A0DE-366D24DEB45F}.Release|ARM.ActiveCfg = Release|Any CPU
		{98CCB13A-C5C2-4DB5-A0DE-366D24DEB45F}.Release|ARM.Build.0 = Release|Any CPU
		{98CCB13A-C5C2-4DB5-A0DE-366D24DEB45F}.Release|ARM.Deploy.0 = Release|Any CPU
		{98CCB13A-C5C2-4DB5-A0DE-366D24DEB45F}.Release|iPhone.ActiveCfg = Release|Any CPU
		{98CCB13A-C5C2-4DB5-A0DE-366D24DEB45F}.Release|iPhone.Build.0 = Release|Any CPU
		{98CCB13A-C5C2-4DB5-A0DE-366D24DEB45F}.Release|iPhone.Deploy.0 = Release|Any CPU
		{98CCB13A-C5C2-4DB5-A0DE-366D24DEB45F}.Release|iPhoneSimulator.ActiveCfg = Release|Any CPU
		{98CCB13A-C5C2-4DB5-A0DE-366D24DEB45F}.Release|iPhoneSimulator.Build.0 = Release|Any CPU
		{98CCB13A-C5C2-4DB5-A0DE-366D24DEB45F}.Release|iPhoneSimulator.Deploy.0 = Release|Any CPU
		{98CCB13A-C5C2-4DB5-A0DE-366D24DEB45F}.Release|x64.ActiveCfg = Release|Any CPU
		{98CCB13A-C5C2-4DB5-A0DE-366D24DEB45F}.Release|x64.Build.0 = Release|Any CPU
		{98CCB13A-C5C2-4DB5-A0DE-366D24DEB45F}.Release|x64.Deploy.0 = Release|Any CPU
		{98CCB13A-C5C2-4DB5-A0DE-366D24DEB45F}.Release|x86.ActiveCfg = Release|Any CPU
		{98CCB13A-C5C2-4DB5-A0DE-366D24DEB45F}.Release|x86.Build.0 = Release|Any CPU
		{98CCB13A-C5C2-4DB5-A0DE-366D24DEB45F}.Release|x86.Deploy.0 = Release|Any CPU
		{7691A695-E57D-40B7-965B-F5847D119B73}.Ad-Hoc|Any CPU.ActiveCfg = Ad-Hoc|iPhone
		{7691A695-E57D-40B7-965B-F5847D119B73}.Ad-Hoc|ARM.ActiveCfg = Ad-Hoc|iPhone
		{7691A695-E57D-40B7-965B-F5847D119B73}.Ad-Hoc|iPhone.ActiveCfg = Ad-Hoc|iPhone
		{7691A695-E57D-40B7-965B-F5847D119B73}.Ad-Hoc|iPhone.Build.0 = Ad-Hoc|iPhone
		{7691A695-E57D-40B7-965B-F5847D119B73}.Ad-Hoc|iPhoneSimulator.ActiveCfg = Ad-Hoc|iPhoneSimulator
		{7691A695-E57D-40B7-965B-F5847D119B73}.Ad-Hoc|iPhoneSimulator.Build.0 = Ad-Hoc|iPhoneSimulator
		{7691A695-E57D-40B7-965B-F5847D119B73}.Ad-Hoc|x64.ActiveCfg = Ad-Hoc|iPhone
		{7691A695-E57D-40B7-965B-F5847D119B73}.Ad-Hoc|x86.ActiveCfg = Ad-Hoc|iPhone
		{7691A695-E57D-40B7-965B-F5847D119B73}.AppStore|Any CPU.ActiveCfg = AppStore|iPhone
		{7691A695-E57D-40B7-965B-F5847D119B73}.AppStore|ARM.ActiveCfg = AppStore|iPhone
		{7691A695-E57D-40B7-965B-F5847D119B73}.AppStore|iPhone.ActiveCfg = AppStore|iPhone
		{7691A695-E57D-40B7-965B-F5847D119B73}.AppStore|iPhone.Build.0 = AppStore|iPhone
		{7691A695-E57D-40B7-965B-F5847D119B73}.AppStore|iPhoneSimulator.ActiveCfg = AppStore|iPhoneSimulator
		{7691A695-E57D-40B7-965B-F5847D119B73}.AppStore|iPhoneSimulator.Build.0 = AppStore|iPhoneSimulator
		{7691A695-E57D-40B7-965B-F5847D119B73}.AppStore|x64.ActiveCfg = AppStore|iPhone
		{7691A695-E57D-40B7-965B-F5847D119B73}.AppStore|x86.ActiveCfg = AppStore|iPhone
		{7691A695-E57D-40B7-965B-F5847D119B73}.Debug|Any CPU.ActiveCfg = Debug|iPhone
		{7691A695-E57D-40B7-965B-F5847D119B73}.Debug|ARM.ActiveCfg = Debug|iPhone
		{7691A695-E57D-40B7-965B-F5847D119B73}.Debug|iPhone.ActiveCfg = Debug|iPhone
		{7691A695-E57D-40B7-965B-F5847D119B73}.Debug|iPhone.Build.0 = Debug|iPhone
		{7691A695-E57D-40B7-965B-F5847D119B73}.Debug|iPhoneSimulator.ActiveCfg = Debug|iPhoneSimulator
		{7691A695-E57D-40B7-965B-F5847D119B73}.Debug|iPhoneSimulator.Build.0 = Debug|iPhoneSimulator
		{7691A695-E57D-40B7-965B-F5847D119B73}.Debug|x64.ActiveCfg = Debug|iPhone
		{7691A695-E57D-40B7-965B-F5847D119B73}.Debug|x86.ActiveCfg = Debug|iPhone
		{7691A695-E57D-40B7-965B-F5847D119B73}.Release|Any CPU.ActiveCfg = Release|iPhone
		{7691A695-E57D-40B7-965B-F5847D119B73}.Release|ARM.ActiveCfg = Release|iPhone
		{7691A695-E57D-40B7-965B-F5847D119B73}.Release|iPhone.ActiveCfg = Release|iPhone
		{7691A695-E57D-40B7-965B-F5847D119B73}.Release|iPhone.Build.0 = Release|iPhone
		{7691A695-E57D-40B7-965B-F5847D119B73}.Release|iPhoneSimulator.ActiveCfg = Release|iPhoneSimulator
		{7691A695-E57D-40B7-965B-F5847D119B73}.Release|iPhoneSimulator.Build.0 = Release|iPhoneSimulator
		{7691A695-E57D-40B7-965B-F5847D119B73}.Release|x64.ActiveCfg = Release|iPhone
		{7691A695-E57D-40B7-965B-F5847D119B73}.Release|x86.ActiveCfg = Release|iPhone
		{D6BB63F3-D8E9-4E58-8540-8DE8BB328633}.Ad-Hoc|Any CPU.ActiveCfg = Release|Any CPU
		{D6BB63F3-D8E9-4E58-8540-8DE8BB328633}.Ad-Hoc|Any CPU.Build.0 = Release|Any CPU
		{D6BB63F3-D8E9-4E58-8540-8DE8BB328633}.Ad-Hoc|Any CPU.Deploy.0 = Release|Any CPU
		{D6BB63F3-D8E9-4E58-8540-8DE8BB328633}.Ad-Hoc|ARM.ActiveCfg = Release|ARM
		{D6BB63F3-D8E9-4E58-8540-8DE8BB328633}.Ad-Hoc|ARM.Build.0 = Release|ARM
		{D6BB63F3-D8E9-4E58-8540-8DE8BB328633}.Ad-Hoc|ARM.Deploy.0 = Release|ARM
		{D6BB63F3-D8E9-4E58-8540-8DE8BB328633}.Ad-Hoc|iPhone.ActiveCfg = Release|Any CPU
		{D6BB63F3-D8E9-4E58-8540-8DE8BB328633}.Ad-Hoc|iPhone.Build.0 = Release|Any CPU
		{D6BB63F3-D8E9-4E58-8540-8DE8BB328633}.Ad-Hoc|iPhone.Deploy.0 = Release|Any CPU
		{D6BB63F3-D8E9-4E58-8540-8DE8BB328633}.Ad-Hoc|iPhoneSimulator.ActiveCfg = Release|Any CPU
		{D6BB63F3-D8E9-4E58-8540-8DE8BB328633}.Ad-Hoc|iPhoneSimulator.Build.0 = Release|Any CPU
		{D6BB63F3-D8E9-4E58-8540-8DE8BB328633}.Ad-Hoc|iPhoneSimulator.Deploy.0 = Release|Any CPU
		{D6BB63F3-D8E9-4E58-8540-8DE8BB328633}.Ad-Hoc|x64.ActiveCfg = Release|Any CPU
		{D6BB63F3-D8E9-4E58-8540-8DE8BB328633}.Ad-Hoc|x64.Build.0 = Release|Any CPU
		{D6BB63F3-D8E9-4E58-8540-8DE8BB328633}.Ad-Hoc|x64.Deploy.0 = Release|Any CPU
		{D6BB63F3-D8E9-4E58-8540-8DE8BB328633}.Ad-Hoc|x86.ActiveCfg = Release|x86
		{D6BB63F3-D8E9-4E58-8540-8DE8BB328633}.Ad-Hoc|x86.Build.0 = Release|x86
		{D6BB63F3-D8E9-4E58-8540-8DE8BB328633}.Ad-Hoc|x86.Deploy.0 = Release|x86
		{D6BB63F3-D8E9-4E58-8540-8DE8BB328633}.AppStore|Any CPU.ActiveCfg = Release|Any CPU
		{D6BB63F3-D8E9-4E58-8540-8DE8BB328633}.AppStore|Any CPU.Build.0 = Release|Any CPU
		{D6BB63F3-D8E9-4E58-8540-8DE8BB328633}.AppStore|Any CPU.Deploy.0 = Release|Any CPU
		{D6BB63F3-D8E9-4E58-8540-8DE8BB328633}.AppStore|ARM.ActiveCfg = Release|ARM
		{D6BB63F3-D8E9-4E58-8540-8DE8BB328633}.AppStore|ARM.Build.0 = Release|ARM
		{D6BB63F3-D8E9-4E58-8540-8DE8BB328633}.AppStore|ARM.Deploy.0 = Release|ARM
		{D6BB63F3-D8E9-4E58-8540-8DE8BB328633}.AppStore|iPhone.ActiveCfg = Release|Any CPU
		{D6BB63F3-D8E9-4E58-8540-8DE8BB328633}.AppStore|iPhone.Build.0 = Release|Any CPU
		{D6BB63F3-D8E9-4E58-8540-8DE8BB328633}.AppStore|iPhone.Deploy.0 = Release|Any CPU
		{D6BB63F3-D8E9-4E58-8540-8DE8BB328633}.AppStore|iPhoneSimulator.ActiveCfg = Release|Any CPU
		{D6BB63F3-D8E9-4E58-8540-8DE8BB328633}.AppStore|iPhoneSimulator.Build.0 = Release|Any CPU
		{D6BB63F3-D8E9-4E58-8540-8DE8BB328633}.AppStore|iPhoneSimulator.Deploy.0 = Release|Any CPU
		{D6BB63F3-D8E9-4E58-8540-8DE8BB328633}.AppStore|x64.ActiveCfg = Release|Any CPU
		{D6BB63F3-D8E9-4E58-8540-8DE8BB328633}.AppStore|x64.Build.0 = Release|Any CPU
		{D6BB63F3-D8E9-4E58-8540-8DE8BB328633}.AppStore|x64.Deploy.0 = Release|Any CPU
		{D6BB63F3-D8E9-4E58-8540-8DE8BB328633}.AppStore|x86.ActiveCfg = Release|x86
		{D6BB63F3-D8E9-4E58-8540-8DE8BB328633}.AppStore|x86.Build.0 = Release|x86
		{D6BB63F3-D8E9-4E58-8540-8DE8BB328633}.AppStore|x86.Deploy.0 = Release|x86
		{D6BB63F3-D8E9-4E58-8540-8DE8BB328633}.Debug|Any CPU.ActiveCfg = Debug|Any CPU
		{D6BB63F3-D8E9-4E58-8540-8DE8BB328633}.Debug|Any CPU.Build.0 = Debug|Any CPU
		{D6BB63F3-D8E9-4E58-8540-8DE8BB328633}.Debug|Any CPU.Deploy.0 = Debug|Any CPU
		{D6BB63F3-D8E9-4E58-8540-8DE8BB328633}.Debug|ARM.ActiveCfg = Debug|ARM
		{D6BB63F3-D8E9-4E58-8540-8DE8BB328633}.Debug|ARM.Build.0 = Debug|ARM
		{D6BB63F3-D8E9-4E58-8540-8DE8BB328633}.Debug|ARM.Deploy.0 = Debug|ARM
		{D6BB63F3-D8E9-4E58-8540-8DE8BB328633}.Debug|iPhone.ActiveCfg = Debug|Any CPU
		{D6BB63F3-D8E9-4E58-8540-8DE8BB328633}.Debug|iPhone.Build.0 = Debug|Any CPU
		{D6BB63F3-D8E9-4E58-8540-8DE8BB328633}.Debug|iPhone.Deploy.0 = Debug|Any CPU
		{D6BB63F3-D8E9-4E58-8540-8DE8BB328633}.Debug|iPhoneSimulator.ActiveCfg = Debug|Any CPU
		{D6BB63F3-D8E9-4E58-8540-8DE8BB328633}.Debug|iPhoneSimulator.Build.0 = Debug|Any CPU
		{D6BB63F3-D8E9-4E58-8540-8DE8BB328633}.Debug|iPhoneSimulator.Deploy.0 = Debug|Any CPU
		{D6BB63F3-D8E9-4E58-8540-8DE8BB328633}.Debug|x64.ActiveCfg = Debug|Any CPU
		{D6BB63F3-D8E9-4E58-8540-8DE8BB328633}.Debug|x64.Build.0 = Debug|Any CPU
		{D6BB63F3-D8E9-4E58-8540-8DE8BB328633}.Debug|x64.Deploy.0 = Debug|Any CPU
		{D6BB63F3-D8E9-4E58-8540-8DE8BB328633}.Debug|x86.ActiveCfg = Debug|x86
		{D6BB63F3-D8E9-4E58-8540-8DE8BB328633}.Debug|x86.Build.0 = Debug|x86
		{D6BB63F3-D8E9-4E58-8540-8DE8BB328633}.Debug|x86.Deploy.0 = Debug|x86
		{D6BB63F3-D8E9-4E58-8540-8DE8BB328633}.Release|Any CPU.ActiveCfg = Release|Any CPU
		{D6BB63F3-D8E9-4E58-8540-8DE8BB328633}.Release|Any CPU.Build.0 = Release|Any CPU
		{D6BB63F3-D8E9-4E58-8540-8DE8BB328633}.Release|Any CPU.Deploy.0 = Release|Any CPU
		{D6BB63F3-D8E9-4E58-8540-8DE8BB328633}.Release|ARM.ActiveCfg = Release|ARM
		{D6BB63F3-D8E9-4E58-8540-8DE8BB328633}.Release|ARM.Build.0 = Release|ARM
		{D6BB63F3-D8E9-4E58-8540-8DE8BB328633}.Release|ARM.Deploy.0 = Release|ARM
		{D6BB63F3-D8E9-4E58-8540-8DE8BB328633}.Release|iPhone.ActiveCfg = Release|Any CPU
		{D6BB63F3-D8E9-4E58-8540-8DE8BB328633}.Release|iPhone.Build.0 = Release|Any CPU
		{D6BB63F3-D8E9-4E58-8540-8DE8BB328633}.Release|iPhone.Deploy.0 = Release|Any CPU
		{D6BB63F3-D8E9-4E58-8540-8DE8BB328633}.Release|iPhoneSimulator.ActiveCfg = Release|Any CPU
		{D6BB63F3-D8E9-4E58-8540-8DE8BB328633}.Release|iPhoneSimulator.Build.0 = Release|Any CPU
		{D6BB63F3-D8E9-4E58-8540-8DE8BB328633}.Release|iPhoneSimulator.Deploy.0 = Release|Any CPU
		{D6BB63F3-D8E9-4E58-8540-8DE8BB328633}.Release|x64.ActiveCfg = Release|Any CPU
		{D6BB63F3-D8E9-4E58-8540-8DE8BB328633}.Release|x64.Build.0 = Release|Any CPU
		{D6BB63F3-D8E9-4E58-8540-8DE8BB328633}.Release|x64.Deploy.0 = Release|Any CPU
		{D6BB63F3-D8E9-4E58-8540-8DE8BB328633}.Release|x86.ActiveCfg = Release|x86
		{D6BB63F3-D8E9-4E58-8540-8DE8BB328633}.Release|x86.Build.0 = Release|x86
		{D6BB63F3-D8E9-4E58-8540-8DE8BB328633}.Release|x86.Deploy.0 = Release|x86
		{8E4EE112-0F50-4035-8327-40ABDDDC3571}.Ad-Hoc|Any CPU.ActiveCfg = Release|x86
		{8E4EE112-0F50-4035-8327-40ABDDDC3571}.Ad-Hoc|Any CPU.Build.0 = Release|x86
		{8E4EE112-0F50-4035-8327-40ABDDDC3571}.Ad-Hoc|Any CPU.Deploy.0 = Release|x86
		{8E4EE112-0F50-4035-8327-40ABDDDC3571}.Ad-Hoc|ARM.ActiveCfg = Release|ARM
		{8E4EE112-0F50-4035-8327-40ABDDDC3571}.Ad-Hoc|ARM.Build.0 = Release|ARM
		{8E4EE112-0F50-4035-8327-40ABDDDC3571}.Ad-Hoc|ARM.Deploy.0 = Release|ARM
		{8E4EE112-0F50-4035-8327-40ABDDDC3571}.Ad-Hoc|iPhone.ActiveCfg = Release|x86
		{8E4EE112-0F50-4035-8327-40ABDDDC3571}.Ad-Hoc|iPhone.Build.0 = Release|x86
		{8E4EE112-0F50-4035-8327-40ABDDDC3571}.Ad-Hoc|iPhone.Deploy.0 = Release|x86
		{8E4EE112-0F50-4035-8327-40ABDDDC3571}.Ad-Hoc|iPhoneSimulator.ActiveCfg = Release|x86
		{8E4EE112-0F50-4035-8327-40ABDDDC3571}.Ad-Hoc|iPhoneSimulator.Build.0 = Release|x86
		{8E4EE112-0F50-4035-8327-40ABDDDC3571}.Ad-Hoc|iPhoneSimulator.Deploy.0 = Release|x86
		{8E4EE112-0F50-4035-8327-40ABDDDC3571}.Ad-Hoc|x64.ActiveCfg = Release|x64
		{8E4EE112-0F50-4035-8327-40ABDDDC3571}.Ad-Hoc|x64.Build.0 = Release|x64
		{8E4EE112-0F50-4035-8327-40ABDDDC3571}.Ad-Hoc|x64.Deploy.0 = Release|x64
		{8E4EE112-0F50-4035-8327-40ABDDDC3571}.Ad-Hoc|x86.ActiveCfg = Release|x86
		{8E4EE112-0F50-4035-8327-40ABDDDC3571}.Ad-Hoc|x86.Build.0 = Release|x86
		{8E4EE112-0F50-4035-8327-40ABDDDC3571}.Ad-Hoc|x86.Deploy.0 = Release|x86
		{8E4EE112-0F50-4035-8327-40ABDDDC3571}.AppStore|Any CPU.ActiveCfg = Release|x86
		{8E4EE112-0F50-4035-8327-40ABDDDC3571}.AppStore|Any CPU.Build.0 = Release|x86
		{8E4EE112-0F50-4035-8327-40ABDDDC3571}.AppStore|Any CPU.Deploy.0 = Release|x86
		{8E4EE112-0F50-4035-8327-40ABDDDC3571}.AppStore|ARM.ActiveCfg = Release|ARM
		{8E4EE112-0F50-4035-8327-40ABDDDC3571}.AppStore|ARM.Build.0 = Release|ARM
		{8E4EE112-0F50-4035-8327-40ABDDDC3571}.AppStore|ARM.Deploy.0 = Release|ARM
		{8E4EE112-0F50-4035-8327-40ABDDDC3571}.AppStore|iPhone.ActiveCfg = Release|x86
		{8E4EE112-0F50-4035-8327-40ABDDDC3571}.AppStore|iPhone.Build.0 = Release|x86
		{8E4EE112-0F50-4035-8327-40ABDDDC3571}.AppStore|iPhone.Deploy.0 = Release|x86
		{8E4EE112-0F50-4035-8327-40ABDDDC3571}.AppStore|iPhoneSimulator.ActiveCfg = Release|x86
		{8E4EE112-0F50-4035-8327-40ABDDDC3571}.AppStore|iPhoneSimulator.Build.0 = Release|x86
		{8E4EE112-0F50-4035-8327-40ABDDDC3571}.AppStore|iPhoneSimulator.Deploy.0 = Release|x86
		{8E4EE112-0F50-4035-8327-40ABDDDC3571}.AppStore|x64.ActiveCfg = Release|x64
		{8E4EE112-0F50-4035-8327-40ABDDDC3571}.AppStore|x64.Build.0 = Release|x64
		{8E4EE112-0F50-4035-8327-40ABDDDC3571}.AppStore|x64.Deploy.0 = Release|x64
		{8E4EE112-0F50-4035-8327-40ABDDDC3571}.AppStore|x86.ActiveCfg = Release|x86
		{8E4EE112-0F50-4035-8327-40ABDDDC3571}.AppStore|x86.Build.0 = Release|x86
		{8E4EE112-0F50-4035-8327-40ABDDDC3571}.AppStore|x86.Deploy.0 = Release|x86
		{8E4EE112-0F50-4035-8327-40ABDDDC3571}.Debug|Any CPU.ActiveCfg = Debug|x86
		{8E4EE112-0F50-4035-8327-40ABDDDC3571}.Debug|ARM.ActiveCfg = Debug|ARM
		{8E4EE112-0F50-4035-8327-40ABDDDC3571}.Debug|ARM.Build.0 = Debug|ARM
		{8E4EE112-0F50-4035-8327-40ABDDDC3571}.Debug|ARM.Deploy.0 = Debug|ARM
		{8E4EE112-0F50-4035-8327-40ABDDDC3571}.Debug|iPhone.ActiveCfg = Debug|x86
		{8E4EE112-0F50-4035-8327-40ABDDDC3571}.Debug|iPhoneSimulator.ActiveCfg = Debug|x86
		{8E4EE112-0F50-4035-8327-40ABDDDC3571}.Debug|x64.ActiveCfg = Debug|x64
		{8E4EE112-0F50-4035-8327-40ABDDDC3571}.Debug|x64.Build.0 = Debug|x64
		{8E4EE112-0F50-4035-8327-40ABDDDC3571}.Debug|x64.Deploy.0 = Debug|x64
		{8E4EE112-0F50-4035-8327-40ABDDDC3571}.Debug|x86.ActiveCfg = Debug|x86
		{8E4EE112-0F50-4035-8327-40ABDDDC3571}.Debug|x86.Build.0 = Debug|x86
		{8E4EE112-0F50-4035-8327-40ABDDDC3571}.Debug|x86.Deploy.0 = Debug|x86
		{8E4EE112-0F50-4035-8327-40ABDDDC3571}.Release|Any CPU.ActiveCfg = Release|x86
		{8E4EE112-0F50-4035-8327-40ABDDDC3571}.Release|ARM.ActiveCfg = Release|ARM
		{8E4EE112-0F50-4035-8327-40ABDDDC3571}.Release|ARM.Build.0 = Release|ARM
		{8E4EE112-0F50-4035-8327-40ABDDDC3571}.Release|ARM.Deploy.0 = Release|ARM
		{8E4EE112-0F50-4035-8327-40ABDDDC3571}.Release|iPhone.ActiveCfg = Release|x86
		{8E4EE112-0F50-4035-8327-40ABDDDC3571}.Release|iPhoneSimulator.ActiveCfg = Release|x86
		{8E4EE112-0F50-4035-8327-40ABDDDC3571}.Release|x64.ActiveCfg = Release|x64
		{8E4EE112-0F50-4035-8327-40ABDDDC3571}.Release|x64.Build.0 = Release|x64
		{8E4EE112-0F50-4035-8327-40ABDDDC3571}.Release|x64.Deploy.0 = Release|x64
		{8E4EE112-0F50-4035-8327-40ABDDDC3571}.Release|x86.ActiveCfg = Release|x86
		{8E4EE112-0F50-4035-8327-40ABDDDC3571}.Release|x86.Build.0 = Release|x86
		{8E4EE112-0F50-4035-8327-40ABDDDC3571}.Release|x86.Deploy.0 = Release|x86
		{399FBEA4-D322-40B3-A200-A053F4EE3CEC}.Ad-Hoc|Any CPU.ActiveCfg = Release|Any CPU
		{399FBEA4-D322-40B3-A200-A053F4EE3CEC}.Ad-Hoc|Any CPU.Build.0 = Release|Any CPU
		{399FBEA4-D322-40B3-A200-A053F4EE3CEC}.Ad-Hoc|Any CPU.Deploy.0 = Release|Any CPU
		{399FBEA4-D322-40B3-A200-A053F4EE3CEC}.Ad-Hoc|ARM.ActiveCfg = Release|ARM
		{399FBEA4-D322-40B3-A200-A053F4EE3CEC}.Ad-Hoc|ARM.Build.0 = Release|ARM
		{399FBEA4-D322-40B3-A200-A053F4EE3CEC}.Ad-Hoc|ARM.Deploy.0 = Release|ARM
		{399FBEA4-D322-40B3-A200-A053F4EE3CEC}.Ad-Hoc|iPhone.ActiveCfg = Release|Any CPU
		{399FBEA4-D322-40B3-A200-A053F4EE3CEC}.Ad-Hoc|iPhone.Build.0 = Release|Any CPU
		{399FBEA4-D322-40B3-A200-A053F4EE3CEC}.Ad-Hoc|iPhone.Deploy.0 = Release|Any CPU
		{399FBEA4-D322-40B3-A200-A053F4EE3CEC}.Ad-Hoc|iPhoneSimulator.ActiveCfg = Release|Any CPU
		{399FBEA4-D322-40B3-A200-A053F4EE3CEC}.Ad-Hoc|iPhoneSimulator.Build.0 = Release|Any CPU
		{399FBEA4-D322-40B3-A200-A053F4EE3CEC}.Ad-Hoc|iPhoneSimulator.Deploy.0 = Release|Any CPU
		{399FBEA4-D322-40B3-A200-A053F4EE3CEC}.Ad-Hoc|x64.ActiveCfg = Release|x64
		{399FBEA4-D322-40B3-A200-A053F4EE3CEC}.Ad-Hoc|x64.Build.0 = Release|x64
		{399FBEA4-D322-40B3-A200-A053F4EE3CEC}.Ad-Hoc|x64.Deploy.0 = Release|x64
		{399FBEA4-D322-40B3-A200-A053F4EE3CEC}.Ad-Hoc|x86.ActiveCfg = Release|x86
		{399FBEA4-D322-40B3-A200-A053F4EE3CEC}.Ad-Hoc|x86.Build.0 = Release|x86
		{399FBEA4-D322-40B3-A200-A053F4EE3CEC}.Ad-Hoc|x86.Deploy.0 = Release|x86
		{399FBEA4-D322-40B3-A200-A053F4EE3CEC}.AppStore|Any CPU.ActiveCfg = Release|Any CPU
		{399FBEA4-D322-40B3-A200-A053F4EE3CEC}.AppStore|Any CPU.Build.0 = Release|Any CPU
		{399FBEA4-D322-40B3-A200-A053F4EE3CEC}.AppStore|Any CPU.Deploy.0 = Release|Any CPU
		{399FBEA4-D322-40B3-A200-A053F4EE3CEC}.AppStore|ARM.ActiveCfg = Release|ARM
		{399FBEA4-D322-40B3-A200-A053F4EE3CEC}.AppStore|ARM.Build.0 = Release|ARM
		{399FBEA4-D322-40B3-A200-A053F4EE3CEC}.AppStore|ARM.Deploy.0 = Release|ARM
		{399FBEA4-D322-40B3-A200-A053F4EE3CEC}.AppStore|iPhone.ActiveCfg = Release|Any CPU
		{399FBEA4-D322-40B3-A200-A053F4EE3CEC}.AppStore|iPhone.Build.0 = Release|Any CPU
		{399FBEA4-D322-40B3-A200-A053F4EE3CEC}.AppStore|iPhone.Deploy.0 = Release|Any CPU
		{399FBEA4-D322-40B3-A200-A053F4EE3CEC}.AppStore|iPhoneSimulator.ActiveCfg = Release|Any CPU
		{399FBEA4-D322-40B3-A200-A053F4EE3CEC}.AppStore|iPhoneSimulator.Build.0 = Release|Any CPU
		{399FBEA4-D322-40B3-A200-A053F4EE3CEC}.AppStore|iPhoneSimulator.Deploy.0 = Release|Any CPU
		{399FBEA4-D322-40B3-A200-A053F4EE3CEC}.AppStore|x64.ActiveCfg = Release|x64
		{399FBEA4-D322-40B3-A200-A053F4EE3CEC}.AppStore|x64.Build.0 = Release|x64
		{399FBEA4-D322-40B3-A200-A053F4EE3CEC}.AppStore|x64.Deploy.0 = Release|x64
		{399FBEA4-D322-40B3-A200-A053F4EE3CEC}.AppStore|x86.ActiveCfg = Release|x86
		{399FBEA4-D322-40B3-A200-A053F4EE3CEC}.AppStore|x86.Build.0 = Release|x86
		{399FBEA4-D322-40B3-A200-A053F4EE3CEC}.AppStore|x86.Deploy.0 = Release|x86
		{399FBEA4-D322-40B3-A200-A053F4EE3CEC}.Debug|Any CPU.ActiveCfg = Debug|Any CPU
		{399FBEA4-D322-40B3-A200-A053F4EE3CEC}.Debug|Any CPU.Build.0 = Debug|Any CPU
		{399FBEA4-D322-40B3-A200-A053F4EE3CEC}.Debug|Any CPU.Deploy.0 = Debug|Any CPU
		{399FBEA4-D322-40B3-A200-A053F4EE3CEC}.Debug|ARM.ActiveCfg = Debug|ARM
		{399FBEA4-D322-40B3-A200-A053F4EE3CEC}.Debug|ARM.Build.0 = Debug|ARM
		{399FBEA4-D322-40B3-A200-A053F4EE3CEC}.Debug|ARM.Deploy.0 = Debug|ARM
		{399FBEA4-D322-40B3-A200-A053F4EE3CEC}.Debug|iPhone.ActiveCfg = Debug|Any CPU
		{399FBEA4-D322-40B3-A200-A053F4EE3CEC}.Debug|iPhone.Build.0 = Debug|Any CPU
		{399FBEA4-D322-40B3-A200-A053F4EE3CEC}.Debug|iPhone.Deploy.0 = Debug|Any CPU
		{399FBEA4-D322-40B3-A200-A053F4EE3CEC}.Debug|iPhoneSimulator.ActiveCfg = Debug|Any CPU
		{399FBEA4-D322-40B3-A200-A053F4EE3CEC}.Debug|iPhoneSimulator.Build.0 = Debug|Any CPU
		{399FBEA4-D322-40B3-A200-A053F4EE3CEC}.Debug|iPhoneSimulator.Deploy.0 = Debug|Any CPU
		{399FBEA4-D322-40B3-A200-A053F4EE3CEC}.Debug|x64.ActiveCfg = Debug|x64
		{399FBEA4-D322-40B3-A200-A053F4EE3CEC}.Debug|x64.Build.0 = Debug|x64
		{399FBEA4-D322-40B3-A200-A053F4EE3CEC}.Debug|x64.Deploy.0 = Debug|x64
		{399FBEA4-D322-40B3-A200-A053F4EE3CEC}.Debug|x86.ActiveCfg = Debug|x86
		{399FBEA4-D322-40B3-A200-A053F4EE3CEC}.Debug|x86.Build.0 = Debug|x86
		{399FBEA4-D322-40B3-A200-A053F4EE3CEC}.Debug|x86.Deploy.0 = Debug|x86
		{399FBEA4-D322-40B3-A200-A053F4EE3CEC}.Release|Any CPU.ActiveCfg = Release|Any CPU
		{399FBEA4-D322-40B3-A200-A053F4EE3CEC}.Release|Any CPU.Build.0 = Release|Any CPU
		{399FBEA4-D322-40B3-A200-A053F4EE3CEC}.Release|Any CPU.Deploy.0 = Release|Any CPU
		{399FBEA4-D322-40B3-A200-A053F4EE3CEC}.Release|ARM.ActiveCfg = Release|ARM
		{399FBEA4-D322-40B3-A200-A053F4EE3CEC}.Release|ARM.Build.0 = Release|ARM
		{399FBEA4-D322-40B3-A200-A053F4EE3CEC}.Release|ARM.Deploy.0 = Release|ARM
		{399FBEA4-D322-40B3-A200-A053F4EE3CEC}.Release|iPhone.ActiveCfg = Release|Any CPU
		{399FBEA4-D322-40B3-A200-A053F4EE3CEC}.Release|iPhone.Build.0 = Release|Any CPU
		{399FBEA4-D322-40B3-A200-A053F4EE3CEC}.Release|iPhone.Deploy.0 = Release|Any CPU
		{399FBEA4-D322-40B3-A200-A053F4EE3CEC}.Release|iPhoneSimulator.ActiveCfg = Release|Any CPU
		{399FBEA4-D322-40B3-A200-A053F4EE3CEC}.Release|iPhoneSimulator.Build.0 = Release|Any CPU
		{399FBEA4-D322-40B3-A200-A053F4EE3CEC}.Release|iPhoneSimulator.Deploy.0 = Release|Any CPU
		{399FBEA4-D322-40B3-A200-A053F4EE3CEC}.Release|x64.ActiveCfg = Release|x64
		{399FBEA4-D322-40B3-A200-A053F4EE3CEC}.Release|x64.Build.0 = Release|x64
		{399FBEA4-D322-40B3-A200-A053F4EE3CEC}.Release|x64.Deploy.0 = Release|x64
		{399FBEA4-D322-40B3-A200-A053F4EE3CEC}.Release|x86.ActiveCfg = Release|x86
		{399FBEA4-D322-40B3-A200-A053F4EE3CEC}.Release|x86.Build.0 = Release|x86
		{399FBEA4-D322-40B3-A200-A053F4EE3CEC}.Release|x86.Deploy.0 = Release|x86
	EndGlobalSection
	GlobalSection(SolutionProperties) = preSolution
		HideSolutionNode = FALSE
	EndGlobalSection
EndGlobal
